Microsoft Visual Studio Solution File, Format Version 12.00
# Visual Studio Version 17
VisualStudioVersion = 17.5.2.0
MinimumVisualStudioVersion = 10.0.40219.1
Project("{FAE04EC0-301F-11D3-BF4B-00C04F79EFBC}") = "Taskify.MappingProfiles", "Taskify.MappingProfiles.csproj", "{B02718BB-0A94-F79D-43A2-F013F300CE57}"
EndProject
Global
	GlobalSection(SolutionConfigurationPlatforms) = preSolution
		Debug|Any CPU = Debug|Any CPU
		Release|Any CPU = Release|Any CPU
	EndGlobalSection
	GlobalSection(ProjectConfigurationPlatforms) = postSolution
		{B02718BB-0A94-F79D-43A2-F013F300CE57}.Debug|Any CPU.ActiveCfg = Debug|Any CPU
		{B02718BB-0A94-F79D-43A2-F013F300CE57}.Debug|Any CPU.Build.0 = Debug|Any CPU
		{B02718BB-0A94-F79D-43A2-F013F300CE57}.Release|Any CPU.ActiveCfg = Release|Any CPU
		{B02718BB-0A94-F79D-43A2-F013F300CE57}.Release|Any CPU.Build.0 = Release|Any CPU
	EndGlobalSection
	GlobalSection(SolutionProperties) = preSolution
		HideSolutionNode = FALSE
	EndGlobalSection
	GlobalSection(ExtensibilityGlobals) = postSolution
		SolutionGuid = {0DE18077-6708-4DD4-A12C-900E1EC9C2AA}
	EndGlobalSection
EndGlobal
